
Microsoft Visual Studio Solution File, Format Version 12.00
# Visual Studio 15
VisualStudioVersion = 15.0.26124.0
MinimumVisualStudioVersion = 15.0.26124.0
Project("{2150E333-8FDC-42A3-9474-1A3956D46DE8}") = "Code", "Code", "{C2DFB13A-612C-4D87-80AF-B4A567E995CC}"
EndProject
Project("{FAE04EC0-301F-11D3-BF4B-00C04F79EFBC}") = "TestDotnetMsSql.Api", "Code\TestDotnetMsSql.Api\TestDotnetMsSql.Api.csproj", "{85949E45-2C9C-4D2F-A1E4-A4386B1D7AB5}"
EndProject
Project("{FAE04EC0-301F-11D3-BF4B-00C04F79EFBC}") = "TestDotnetMsSql.Business", "Code\TestDotnetMsSql.Business\TestDotnetMsSql.Business.csproj", "{559689C7-1E5B-4A1A-AFDC-8368F0351D07}"
EndProject
Project("{FAE04EC0-301F-11D3-BF4B-00C04F79EFBC}") = "TestDotnetMsSql.Data", "Code\TestDotnetMsSql.Data\TestDotnetMsSql.Data.csproj", "{D41B77EB-B7F9-4F4F-B408-B9A0F0AACBF6}"
EndProject
Project("{FAE04EC0-301F-11D3-BF4B-00C04F79EFBC}") = "TestDotnetMsSql.Entities", "Code\TestDotnetMsSql.Entities\TestDotnetMsSql.Entities.csproj", "{EB804831-921C-4AD6-B5B1-9F37716FC03A}"
EndProject
Project("{FAE04EC0-301F-11D3-BF4B-00C04F79EFBC}") = "TestDotnetMsSql.Test.Api", "Code\TestDotnetMsSql.Test.Api\TestDotnetMsSql.Test.Api.csproj", "{34C4261E-FDE1-4A67-9528-5240AB90C7BD}"
EndProject
Project("{FAE04EC0-301F-11D3-BF4B-00C04F79EFBC}") = "TestDotnetMsSql.Test.Business", "Code\TestDotnetMsSql.Test.Business\TestDotnetMsSql.Test.Business.csproj", "{776B2980-D5B8-40B1-BD48-53896AFF8460}"
EndProject
Project("{FAE04EC0-301F-11D3-BF4B-00C04F79EFBC}") = "TestDotnetMsSql.Test.Framework", "Code\TestDotnetMsSql.Test.Framework\TestDotnetMsSql.Test.Framework.csproj", "{C7E973D2-3303-4E07-906A-557955852DCA}"
EndProject
Project("{2150E333-8FDC-42A3-9474-1A3956D46DE8}") = "Test", "Test", "{EE976A11-8DDD-463F-B21B-9A5CBC185F5F}"
EndProject
Global
	GlobalSection(SolutionConfigurationPlatforms) = preSolution
		Debug|Any CPU = Debug|Any CPU
		Debug|x64 = Debug|x64
		Debug|x86 = Debug|x86
		Release|Any CPU = Release|Any CPU
		Release|x64 = Release|x64
		Release|x86 = Release|x86
	EndGlobalSection
	GlobalSection(SolutionProperties) = preSolution
		HideSolutionNode = FALSE
	EndGlobalSection
	GlobalSection(ProjectConfigurationPlatforms) = postSolution
		{85949E45-2C9C-4D2F-A1E4-A4386B1D7AB5}.Debug|Any CPU.ActiveCfg = Debug|Any CPU
		{85949E45-2C9C-4D2F-A1E4-A4386B1D7AB5}.Debug|Any CPU.Build.0 = Debug|Any CPU
		{85949E45-2C9C-4D2F-A1E4-A4386B1D7AB5}.Debug|x64.ActiveCfg = Debug|Any CPU
		{85949E45-2C9C-4D2F-A1E4-A4386B1D7AB5}.Debug|x64.Build.0 = Debug|Any CPU
		{85949E45-2C9C-4D2F-A1E4-A4386B1D7AB5}.Debug|x86.ActiveCfg = Debug|Any CPU
		{85949E45-2C9C-4D2F-A1E4-A4386B1D7AB5}.Debug|x86.Build.0 = Debug|Any CPU
		{85949E45-2C9C-4D2F-A1E4-A4386B1D7AB5}.Release|Any CPU.ActiveCfg = Release|Any CPU
		{85949E45-2C9C-4D2F-A1E4-A4386B1D7AB5}.Release|Any CPU.Build.0 = Release|Any CPU
		{85949E45-2C9C-4D2F-A1E4-A4386B1D7AB5}.Release|x64.ActiveCfg = Release|Any CPU
		{85949E45-2C9C-4D2F-A1E4-A4386B1D7AB5}.Release|x64.Build.0 = Release|Any CPU
		{85949E45-2C9C-4D2F-A1E4-A4386B1D7AB5}.Release|x86.ActiveCfg = Release|Any CPU
		{85949E45-2C9C-4D2F-A1E4-A4386B1D7AB5}.Release|x86.Build.0 = Release|Any CPU
		{559689C7-1E5B-4A1A-AFDC-8368F0351D07}.Debug|Any CPU.ActiveCfg = Debug|Any CPU
		{559689C7-1E5B-4A1A-AFDC-8368F0351D07}.Debug|Any CPU.Build.0 = Debug|Any CPU
		{559689C7-1E5B-4A1A-AFDC-8368F0351D07}.Debug|x64.ActiveCfg = Debug|Any CPU
		{559689C7-1E5B-4A1A-AFDC-8368F0351D07}.Debug|x64.Build.0 = Debug|Any CPU
		{559689C7-1E5B-4A1A-AFDC-8368F0351D07}.Debug|x86.ActiveCfg = Debug|Any CPU
		{559689C7-1E5B-4A1A-AFDC-8368F0351D07}.Debug|x86.Build.0 = Debug|Any CPU
		{559689C7-1E5B-4A1A-AFDC-8368F0351D07}.Release|Any CPU.ActiveCfg = Release|Any CPU
		{559689C7-1E5B-4A1A-AFDC-8368F0351D07}.Release|Any CPU.Build.0 = Release|Any CPU
		{559689C7-1E5B-4A1A-AFDC-8368F0351D07}.Release|x64.ActiveCfg = Release|Any CPU
		{559689C7-1E5B-4A1A-AFDC-8368F0351D07}.Release|x64.Build.0 = Release|Any CPU
		{559689C7-1E5B-4A1A-AFDC-8368F0351D07}.Release|x86.ActiveCfg = Release|Any CPU
		{559689C7-1E5B-4A1A-AFDC-8368F0351D07}.Release|x86.Build.0 = Release|Any CPU
		{D41B77EB-B7F9-4F4F-B408-B9A0F0AACBF6}.Debug|Any CPU.ActiveCfg = Debug|Any CPU
		{D41B77EB-B7F9-4F4F-B408-B9A0F0AACBF6}.Debug|Any CPU.Build.0 = Debug|Any CPU
		{D41B77EB-B7F9-4F4F-B408-B9A0F0AACBF6}.Debug|x64.ActiveCfg = Debug|Any CPU
		{D41B77EB-B7F9-4F4F-B408-B9A0F0AACBF6}.Debug|x64.Build.0 = Debug|Any CPU
		{D41B77EB-B7F9-4F4F-B408-B9A0F0AACBF6}.Debug|x86.ActiveCfg = Debug|Any CPU
		{D41B77EB-B7F9-4F4F-B408-B9A0F0AACBF6}.Debug|x86.Build.0 = Debug|Any CPU
		{D41B77EB-B7F9-4F4F-B408-B9A0F0AACBF6}.Release|Any CPU.ActiveCfg = Release|Any CPU
		{D41B77EB-B7F9-4F4F-B408-B9A0F0AACBF6}.Release|Any CPU.Build.0 = Release|Any CPU
		{D41B77EB-B7F9-4F4F-B408-B9A0F0AACBF6}.Release|x64.ActiveCfg = Release|Any CPU
		{D41B77EB-B7F9-4F4F-B408-B9A0F0AACBF6}.Release|x64.Build.0 = Release|Any CPU
		{D41B77EB-B7F9-4F4F-B408-B9A0F0AACBF6}.Release|x86.ActiveCfg = Release|Any CPU
		{D41B77EB-B7F9-4F4F-B408-B9A0F0AACBF6}.Release|x86.Build.0 = Release|Any CPU
		{EB804831-921C-4AD6-B5B1-9F37716FC03A}.Debug|Any CPU.ActiveCfg = Debug|Any CPU
		{EB804831-921C-4AD6-B5B1-9F37716FC03A}.Debug|Any CPU.Build.0 = Debug|Any CPU
		{EB804831-921C-4AD6-B5B1-9F37716FC03A}.Debug|x64.ActiveCfg = Debug|Any CPU
		{EB804831-921C-4AD6-B5B1-9F37716FC03A}.Debug|x64.Build.0 = Debug|Any CPU
		{EB804831-921C-4AD6-B5B1-9F37716FC03A}.Debug|x86.ActiveCfg = Debug|Any CPU
		{EB804831-921C-4AD6-B5B1-9F37716FC03A}.Debug|x86.Build.0 = Debug|Any CPU
		{EB804831-921C-4AD6-B5B1-9F37716FC03A}.Release|Any CPU.ActiveCfg = Release|Any CPU
		{EB804831-921C-4AD6-B5B1-9F37716FC03A}.Release|Any CPU.Build.0 = Release|Any CPU
		{EB804831-921C-4AD6-B5B1-9F37716FC03A}.Release|x64.ActiveCfg = Release|Any CPU
		{EB804831-921C-4AD6-B5B1-9F37716FC03A}.Release|x64.Build.0 = Release|Any CPU
		{EB804831-921C-4AD6-B5B1-9F37716FC03A}.Release|x86.ActiveCfg = Release|Any CPU
		{EB804831-921C-4AD6-B5B1-9F37716FC03A}.Release|x86.Build.0 = Release|Any CPU
		{34C4261E-FDE1-4A67-9528-5240AB90C7BD}.Debug|Any CPU.ActiveCfg = Debug|Any CPU
		{34C4261E-FDE1-4A67-9528-5240AB90C7BD}.Debug|Any CPU.Build.0 = Debug|Any CPU
		{34C4261E-FDE1-4A67-9528-5240AB90C7BD}.Debug|x64.ActiveCfg = Debug|Any CPU
		{34C4261E-FDE1-4A67-9528-5240AB90C7BD}.Debug|x64.Build.0 = Debug|Any CPU
		{34C4261E-FDE1-4A67-9528-5240AB90C7BD}.Debug|x86.ActiveCfg = Debug|Any CPU
		{34C4261E-FDE1-4A67-9528-5240AB90C7BD}.Debug|x86.Build.0 = Debug|Any CPU
		{34C4261E-FDE1-4A67-9528-5240AB90C7BD}.Release|Any CPU.ActiveCfg = Release|Any CPU
		{34C4261E-FDE1-4A67-9528-5240AB90C7BD}.Release|Any CPU.Build.0 = Release|Any CPU
		{34C4261E-FDE1-4A67-9528-5240AB90C7BD}.Release|x64.ActiveCfg = Release|Any CPU
		{34C4261E-FDE1-4A67-9528-5240AB90C7BD}.Release|x64.Build.0 = Release|Any CPU
		{34C4261E-FDE1-4A67-9528-5240AB90C7BD}.Release|x86.ActiveCfg = Release|Any CPU
		{34C4261E-FDE1-4A67-9528-5240AB90C7BD}.Release|x86.Build.0 = Release|Any CPU
		{776B2980-D5B8-40B1-BD48-53896AFF8460}.Debug|Any CPU.ActiveCfg = Debug|Any CPU
		{776B2980-D5B8-40B1-BD48-53896AFF8460}.Debug|Any CPU.Build.0 = Debug|Any CPU
		{776B2980-D5B8-40B1-BD48-53896AFF8460}.Debug|x64.ActiveCfg = Debug|Any CPU
		{776B2980-D5B8-40B1-BD48-53896AFF8460}.Debug|x64.Build.0 = Debug|Any CPU
		{776B2980-D5B8-40B1-BD48-53896AFF8460}.Debug|x86.ActiveCfg = Debug|Any CPU
		{776B2980-D5B8-40B1-BD48-53896AFF8460}.Debug|x86.Build.0 = Debug|Any CPU
		{776B2980-D5B8-40B1-BD48-53896AFF8460}.Release|Any CPU.ActiveCfg = Release|Any CPU
		{776B2980-D5B8-40B1-BD48-53896AFF8460}.Release|Any CPU.Build.0 = Release|Any CPU
		{776B2980-D5B8-40B1-BD48-53896AFF8460}.Release|x64.ActiveCfg = Release|Any CPU
		{776B2980-D5B8-40B1-BD48-53896AFF8460}.Release|x64.Build.0 = Release|Any CPU
		{776B2980-D5B8-40B1-BD48-53896AFF8460}.Release|x86.ActiveCfg = Release|Any CPU
		{776B2980-D5B8-40B1-BD48-53896AFF8460}.Release|x86.Build.0 = Release|Any CPU
		{C7E973D2-3303-4E07-906A-557955852DCA}.Debug|Any CPU.ActiveCfg = Debug|Any CPU
		{C7E973D2-3303-4E07-906A-557955852DCA}.Debug|Any CPU.Build.0 = Debug|Any CPU
		{C7E973D2-3303-4E07-906A-557955852DCA}.Debug|x64.ActiveCfg = Debug|Any CPU
		{C7E973D2-3303-4E07-906A-557955852DCA}.Debug|x64.Build.0 = Debug|Any CPU
		{C7E973D2-3303-4E07-906A-557955852DCA}.Debug|x86.ActiveCfg = Debug|Any CPU
		{C7E973D2-3303-4E07-906A-557955852DCA}.Debug|x86.Build.0 = Debug|Any CPU
		{C7E973D2-3303-4E07-906A-557955852DCA}.Release|Any CPU.ActiveCfg = Release|Any CPU
		{C7E973D2-3303-4E07-906A-557955852DCA}.Release|Any CPU.Build.0 = Release|Any CPU
		{C7E973D2-3303-4E07-906A-557955852DCA}.Release|x64.ActiveCfg = Release|Any CPU
		{C7E973D2-3303-4E07-906A-557955852DCA}.Release|x64.Build.0 = Release|Any CPU
		{C7E973D2-3303-4E07-906A-557955852DCA}.Release|x86.ActiveCfg = Release|Any CPU
		{C7E973D2-3303-4E07-906A-557955852DCA}.Release|x86.Build.0 = Release|Any CPU
	EndGlobalSection
	GlobalSection(NestedProjects) = preSolution
		{85949E45-2C9C-4D2F-A1E4-A4386B1D7AB5} = {C2DFB13A-612C-4D87-80AF-B4A567E995CC}
		{559689C7-1E5B-4A1A-AFDC-8368F0351D07} = {C2DFB13A-612C-4D87-80AF-B4A567E995CC}
		{D41B77EB-B7F9-4F4F-B408-B9A0F0AACBF6} = {C2DFB13A-612C-4D87-80AF-B4A567E995CC}
		{EB804831-921C-4AD6-B5B1-9F37716FC03A} = {C2DFB13A-612C-4D87-80AF-B4A567E995CC}
		{34C4261E-FDE1-4A67-9528-5240AB90C7BD} = {EE976A11-8DDD-463F-B21B-9A5CBC185F5F}
		{776B2980-D5B8-40B1-BD48-53896AFF8460} = {EE976A11-8DDD-463F-B21B-9A5CBC185F5F}
		{C7E973D2-3303-4E07-906A-557955852DCA} = {EE976A11-8DDD-463F-B21B-9A5CBC185F5F}
	EndGlobalSection
EndGlobal
